
Microsoft Visual Studio Solution File, Format Version 12.00
# Visual Studio 15
Project("{FAE04EC0-301F-11D3-BF4B-00C04F79EFBC}") = "Assembly-CSharp", "Assembly-CSharp.csproj", "{4D33BCEF-5669-7FCC-A14D-5571C2592BFA}"
EndProject
Project("{FAE04EC0-301F-11D3-BF4B-00C04F79EFBC}") = "Assembly-CSharp-Editor", "Assembly-CSharp-Editor.csproj", "{2A671094-D642-4100-5CB9-12758EC1E761}"
EndProject
Global
	GlobalSection(SolutionConfigurationPlatforms) = preSolution
		Debug|Any CPU = Debug|Any CPU
		Release|Any CPU = Release|Any CPU
	EndGlobalSection
	GlobalSection(ProjectConfigurationPlatforms) = postSolution
		{4D33BCEF-5669-7FCC-A14D-5571C2592BFA}.Debug|Any CPU.ActiveCfg = Debug|Any CPU
		{4D33BCEF-5669-7FCC-A14D-5571C2592BFA}.Debug|Any CPU.Build.0 = Debug|Any CPU
		{4D33BCEF-5669-7FCC-A14D-5571C2592BFA}.Release|Any CPU.ActiveCfg = Release|Any CPU
		{4D33BCEF-5669-7FCC-A14D-5571C2592BFA}.Release|Any CPU.Build.0 = Release|Any CPU
		{2A671094-D642-4100-5CB9-12758EC1E761}.Debug|Any CPU.ActiveCfg = Debug|Any CPU
		{2A671094-D642-4100-5CB9-12758EC1E761}.Debug|Any CPU.Build.0 = Debug|Any CPU
		{2A671094-D642-4100-5CB9-12758EC1E761}.Release|Any CPU.ActiveCfg = Release|Any CPU
		{2A671094-D642-4100-5CB9-12758EC1E761}.Release|Any CPU.Build.0 = Release|Any CPU
	EndGlobalSection
	GlobalSection(SolutionProperties) = preSolution
		HideSolutionNode = FALSE
	EndGlobalSection
EndGlobal
